
Microsoft Visual Studio Solution File, Format Version 12.00
# Visual Studio Version 17
VisualStudioVersion = 17.4.33122.133
MinimumVisualStudioVersion = 10.0.40219.1
Project("{FAE04EC0-301F-11D3-BF4B-00C04F79EFBC}") = "SomaImparesConsecutivosII_1099", "SomaImparesConsecutivosII_1099\SomaImparesConsecutivosII_1099.csproj", "{BD182A75-B198-4B1D-B420-328AC91178C3}"
EndProject
Global
	GlobalSection(SolutionConfigurationPlatforms) = preSolution
		Debug|Any CPU = Debug|Any CPU
		Release|Any CPU = Release|Any CPU
	EndGlobalSection
	GlobalSection(ProjectConfigurationPlatforms) = postSolution
		{BD182A75-B198-4B1D-B420-328AC91178C3}.Debug|Any CPU.ActiveCfg = Debug|Any CPU
		{BD182A75-B198-4B1D-B420-328AC91178C3}.Debug|Any CPU.Build.0 = Debug|Any CPU
		{BD182A75-B198-4B1D-B420-328AC91178C3}.Release|Any CPU.ActiveCfg = Release|Any CPU
		{BD182A75-B198-4B1D-B420-328AC91178C3}.Release|Any CPU.Build.0 = Release|Any CPU
	EndGlobalSection
	GlobalSection(SolutionProperties) = preSolution
		HideSolutionNode = FALSE
	EndGlobalSection
	GlobalSection(ExtensibilityGlobals) = postSolution
		SolutionGuid = {E57AF7CE-313C-45FD-85F8-CA4302CDA166}
	EndGlobalSection
EndGlobal
