
Microsoft Visual Studio Solution File, Format Version 12.00
# Visual Studio Version 17
VisualStudioVersion = 17.4.33122.133
MinimumVisualStudioVersion = 10.0.40219.1
Project("{FAE04EC0-301F-11D3-BF4B-00C04F79EFBC}") = "DividindoXporY_1116", "DividindoXporY_1116\DividindoXporY_1116.csproj", "{6B771CBC-A06E-47DF-957D-DB4CCEADE525}"
EndProject
Global
	GlobalSection(SolutionConfigurationPlatforms) = preSolution
		Debug|Any CPU = Debug|Any CPU
		Release|Any CPU = Release|Any CPU
	EndGlobalSection
	GlobalSection(ProjectConfigurationPlatforms) = postSolution
		{6B771CBC-A06E-47DF-957D-DB4CCEADE525}.Debug|Any CPU.ActiveCfg = Debug|Any CPU
		{6B771CBC-A06E-47DF-957D-DB4CCEADE525}.Debug|Any CPU.Build.0 = Debug|Any CPU
		{6B771CBC-A06E-47DF-957D-DB4CCEADE525}.Release|Any CPU.ActiveCfg = Release|Any CPU
		{6B771CBC-A06E-47DF-957D-DB4CCEADE525}.Release|Any CPU.Build.0 = Release|Any CPU
	EndGlobalSection
	GlobalSection(SolutionProperties) = preSolution
		HideSolutionNode = FALSE
	EndGlobalSection
	GlobalSection(ExtensibilityGlobals) = postSolution
		SolutionGuid = {657559E3-8223-4636-B92E-1C0825E181F7}
	EndGlobalSection
EndGlobal
