
Microsoft Visual Studio Solution File, Format Version 12.00
# Visual Studio Version 17
VisualStudioVersion = 17.4.33122.133
MinimumVisualStudioVersion = 10.0.40219.1
Project("{FAE04EC0-301F-11D3-BF4B-00C04F79EFBC}") = "SequenciaIJ_1096", "SequenciaIJ_1096\SequenciaIJ_1096.csproj", "{B36E888B-A57B-4F04-B1A5-7B797965C0F2}"
EndProject
Global
	GlobalSection(SolutionConfigurationPlatforms) = preSolution
		Debug|Any CPU = Debug|Any CPU
		Release|Any CPU = Release|Any CPU
	EndGlobalSection
	GlobalSection(ProjectConfigurationPlatforms) = postSolution
		{B36E888B-A57B-4F04-B1A5-7B797965C0F2}.Debug|Any CPU.ActiveCfg = Debug|Any CPU
		{B36E888B-A57B-4F04-B1A5-7B797965C0F2}.Debug|Any CPU.Build.0 = Debug|Any CPU
		{B36E888B-A57B-4F04-B1A5-7B797965C0F2}.Release|Any CPU.ActiveCfg = Release|Any CPU
		{B36E888B-A57B-4F04-B1A5-7B797965C0F2}.Release|Any CPU.Build.0 = Release|Any CPU
	EndGlobalSection
	GlobalSection(SolutionProperties) = preSolution
		HideSolutionNode = FALSE
	EndGlobalSection
	GlobalSection(ExtensibilityGlobals) = postSolution
		SolutionGuid = {880ACFF0-0613-43D1-B0D2-4403B866486C}
	EndGlobalSection
EndGlobal
