
Microsoft Visual Studio Solution File, Format Version 12.00
# Visual Studio Version 17
VisualStudioVersion = 17.4.33122.133
MinimumVisualStudioVersion = 10.0.40219.1
Project("{FAE04EC0-301F-11D3-BF4B-00C04F79EFBC}") = "Grenais_1131", "Grenais_1131\Grenais_1131.csproj", "{77174162-4A98-4A52-A36C-2FD05A557549}"
EndProject
Global
	GlobalSection(SolutionConfigurationPlatforms) = preSolution
		Debug|Any CPU = Debug|Any CPU
		Release|Any CPU = Release|Any CPU
	EndGlobalSection
	GlobalSection(ProjectConfigurationPlatforms) = postSolution
		{77174162-4A98-4A52-A36C-2FD05A557549}.Debug|Any CPU.ActiveCfg = Debug|Any CPU
		{77174162-4A98-4A52-A36C-2FD05A557549}.Debug|Any CPU.Build.0 = Debug|Any CPU
		{77174162-4A98-4A52-A36C-2FD05A557549}.Release|Any CPU.ActiveCfg = Release|Any CPU
		{77174162-4A98-4A52-A36C-2FD05A557549}.Release|Any CPU.Build.0 = Release|Any CPU
	EndGlobalSection
	GlobalSection(SolutionProperties) = preSolution
		HideSolutionNode = FALSE
	EndGlobalSection
	GlobalSection(ExtensibilityGlobals) = postSolution
		SolutionGuid = {F8C57E90-4993-476A-83F8-E4A1D0900AD1}
	EndGlobalSection
EndGlobal
