
Microsoft Visual Studio Solution File, Format Version 12.00
# Visual Studio Version 17
VisualStudioVersion = 17.4.33122.133
MinimumVisualStudioVersion = 10.0.40219.1
Project("{FAE04EC0-301F-11D3-BF4B-00C04F79EFBC}") = "VariasNotasComValidacao_1118", "VariasNotasComValidacao_1118\VariasNotasComValidacao_1118.csproj", "{D9C6A36C-A866-4AA9-B735-136B9D4FBF70}"
EndProject
Global
	GlobalSection(SolutionConfigurationPlatforms) = preSolution
		Debug|Any CPU = Debug|Any CPU
		Release|Any CPU = Release|Any CPU
	EndGlobalSection
	GlobalSection(ProjectConfigurationPlatforms) = postSolution
		{D9C6A36C-A866-4AA9-B735-136B9D4FBF70}.Debug|Any CPU.ActiveCfg = Debug|Any CPU
		{D9C6A36C-A866-4AA9-B735-136B9D4FBF70}.Debug|Any CPU.Build.0 = Debug|Any CPU
		{D9C6A36C-A866-4AA9-B735-136B9D4FBF70}.Release|Any CPU.ActiveCfg = Release|Any CPU
		{D9C6A36C-A866-4AA9-B735-136B9D4FBF70}.Release|Any CPU.Build.0 = Release|Any CPU
	EndGlobalSection
	GlobalSection(SolutionProperties) = preSolution
		HideSolutionNode = FALSE
	EndGlobalSection
	GlobalSection(ExtensibilityGlobals) = postSolution
		SolutionGuid = {32511627-1B63-4658-A580-C3D3E60D0D22}
	EndGlobalSection
EndGlobal
