
Microsoft Visual Studio Solution File, Format Version 12.00
# Visual Studio Version 17
VisualStudioVersion = 17.4.33122.133
MinimumVisualStudioVersion = 10.0.40219.1
Project("{FAE04EC0-301F-11D3-BF4B-00C04F79EFBC}") = "Resto2_1075", "Resto2_1075\Resto2_1075.csproj", "{B5C62497-C4BD-4879-89C8-02C578A2D30B}"
EndProject
Global
	GlobalSection(SolutionConfigurationPlatforms) = preSolution
		Debug|Any CPU = Debug|Any CPU
		Release|Any CPU = Release|Any CPU
	EndGlobalSection
	GlobalSection(ProjectConfigurationPlatforms) = postSolution
		{B5C62497-C4BD-4879-89C8-02C578A2D30B}.Debug|Any CPU.ActiveCfg = Debug|Any CPU
		{B5C62497-C4BD-4879-89C8-02C578A2D30B}.Debug|Any CPU.Build.0 = Debug|Any CPU
		{B5C62497-C4BD-4879-89C8-02C578A2D30B}.Release|Any CPU.ActiveCfg = Release|Any CPU
		{B5C62497-C4BD-4879-89C8-02C578A2D30B}.Release|Any CPU.Build.0 = Release|Any CPU
	EndGlobalSection
	GlobalSection(SolutionProperties) = preSolution
		HideSolutionNode = FALSE
	EndGlobalSection
	GlobalSection(ExtensibilityGlobals) = postSolution
		SolutionGuid = {2D27B11A-96E2-4DC9-A88E-2615ECCC47E0}
	EndGlobalSection
EndGlobal
