
Microsoft Visual Studio Solution File, Format Version 12.00
# Visual Studio Version 17
VisualStudioVersion = 17.4.33122.133
MinimumVisualStudioVersion = 10.0.40219.1
Project("{FAE04EC0-301F-11D3-BF4B-00C04F79EFBC}") = "Flipe_2462", "Flipe_2462\Flipe_2462.csproj", "{9B9FA63C-66CB-48E2-BFF7-4E9DB7DBA9EB}"
EndProject
Global
	GlobalSection(SolutionConfigurationPlatforms) = preSolution
		Debug|Any CPU = Debug|Any CPU
		Release|Any CPU = Release|Any CPU
	EndGlobalSection
	GlobalSection(ProjectConfigurationPlatforms) = postSolution
		{9B9FA63C-66CB-48E2-BFF7-4E9DB7DBA9EB}.Debug|Any CPU.ActiveCfg = Debug|Any CPU
		{9B9FA63C-66CB-48E2-BFF7-4E9DB7DBA9EB}.Debug|Any CPU.Build.0 = Debug|Any CPU
		{9B9FA63C-66CB-48E2-BFF7-4E9DB7DBA9EB}.Release|Any CPU.ActiveCfg = Release|Any CPU
		{9B9FA63C-66CB-48E2-BFF7-4E9DB7DBA9EB}.Release|Any CPU.Build.0 = Release|Any CPU
	EndGlobalSection
	GlobalSection(SolutionProperties) = preSolution
		HideSolutionNode = FALSE
	EndGlobalSection
	GlobalSection(ExtensibilityGlobals) = postSolution
		SolutionGuid = {ACAE25E9-A3B7-4B79-BFEB-81D43265222E}
	EndGlobalSection
EndGlobal
